
Microsoft Visual Studio Solution File, Format Version 12.00
# Visual Studio 15
VisualStudioVersion = 15.0.28010.2016
MinimumVisualStudioVersion = 10.0.40219.1
Project("{FAE04EC0-301F-11D3-BF4B-00C04F79EFBC}") = "Zipangu", "Zipangu\Zipangu.csproj", "{EB4C703B-3056-4303-AEAD-137EA8C1DF85}"
EndProject
Global
	GlobalSection(SolutionConfigurationPlatforms) = preSolution
		Debug|Any CPU = Debug|Any CPU
		Release|Any CPU = Release|Any CPU
	EndGlobalSection
	GlobalSection(ProjectConfigurationPlatforms) = postSolution
		{EB4C703B-3056-4303-AEAD-137EA8C1DF85}.Debug|Any CPU.ActiveCfg = Debug|Any CPU
		{EB4C703B-3056-4303-AEAD-137EA8C1DF85}.Debug|Any CPU.Build.0 = Debug|Any CPU
		{EB4C703B-3056-4303-AEAD-137EA8C1DF85}.Release|Any CPU.ActiveCfg = Release|Any CPU
		{EB4C703B-3056-4303-AEAD-137EA8C1DF85}.Release|Any CPU.Build.0 = Release|Any CPU
	EndGlobalSection
	GlobalSection(SolutionProperties) = preSolution
		HideSolutionNode = FALSE
	EndGlobalSection
	GlobalSection(ExtensibilityGlobals) = postSolution
		SolutionGuid = {F981BC6E-8158-4505-B3EF-889B9814307E}
	EndGlobalSection
EndGlobal
